
Microsoft Visual Studio Solution File, Format Version 12.00
# Visual Studio Version 17
VisualStudioVersion = 17.14.36301.6
MinimumVisualStudioVersion = 10.0.40219.1
Project("{FAE04EC0-301F-11D3-BF4B-00C04F79EFBC}") = "ConsoleModelServer", "ConsoleModelServer\ConsoleModelServer.csproj", "{410AE4C8-F429-4BBB-9BE0-D743E90B1A9B}"
EndProject
Project("{FAE04EC0-301F-11D3-BF4B-00C04F79EFBC}") = "Common", "Common\Common.csproj", "{DBAF3ED0-00CA-4F0F-822A-8D71E47A324E}"
EndProject
Project("{FAE04EC0-301F-11D3-BF4B-00C04F79EFBC}") = "ClientWPFApplication", "ClientWPFApplication\ClientWPFApplication.csproj", "{42997FCA-317D-46A7-994B-8D12CE0478C9}"
EndProject
Project("{2150E333-8FDC-42A3-9474-1A3956D46DE8}") = "Persistance", "Persistance", "{02EA681E-C7D8-13C7-8484-4AC65E1B71E8}"
	ProjectSection(SolutionItems) = preProject
		models.csv = models.csv
		models.json = models.json
		models.xml = models.xml
	EndProjectSection
EndProject
Global
	GlobalSection(SolutionConfigurationPlatforms) = preSolution
		Debug|Any CPU = Debug|Any CPU
		Release|Any CPU = Release|Any CPU
	EndGlobalSection
	GlobalSection(ProjectConfigurationPlatforms) = postSolution
		{410AE4C8-F429-4BBB-9BE0-D743E90B1A9B}.Debug|Any CPU.ActiveCfg = Debug|Any CPU
		{410AE4C8-F429-4BBB-9BE0-D743E90B1A9B}.Debug|Any CPU.Build.0 = Debug|Any CPU
		{410AE4C8-F429-4BBB-9BE0-D743E90B1A9B}.Release|Any CPU.ActiveCfg = Release|Any CPU
		{410AE4C8-F429-4BBB-9BE0-D743E90B1A9B}.Release|Any CPU.Build.0 = Release|Any CPU
		{DBAF3ED0-00CA-4F0F-822A-8D71E47A324E}.Debug|Any CPU.ActiveCfg = Debug|Any CPU
		{DBAF3ED0-00CA-4F0F-822A-8D71E47A324E}.Debug|Any CPU.Build.0 = Debug|Any CPU
		{DBAF3ED0-00CA-4F0F-822A-8D71E47A324E}.Release|Any CPU.ActiveCfg = Release|Any CPU
		{DBAF3ED0-00CA-4F0F-822A-8D71E47A324E}.Release|Any CPU.Build.0 = Release|Any CPU
		{42997FCA-317D-46A7-994B-8D12CE0478C9}.Debug|Any CPU.ActiveCfg = Debug|Any CPU
		{42997FCA-317D-46A7-994B-8D12CE0478C9}.Debug|Any CPU.Build.0 = Debug|Any CPU
		{42997FCA-317D-46A7-994B-8D12CE0478C9}.Release|Any CPU.ActiveCfg = Release|Any CPU
		{42997FCA-317D-46A7-994B-8D12CE0478C9}.Release|Any CPU.Build.0 = Release|Any CPU
	EndGlobalSection
	GlobalSection(SolutionProperties) = preSolution
		HideSolutionNode = FALSE
	EndGlobalSection
	GlobalSection(ExtensibilityGlobals) = postSolution
		SolutionGuid = {77598DDB-2AAE-482A-AF60-C62E9F59C371}
	EndGlobalSection
EndGlobal
